
Microsoft Visual Studio Solution File, Format Version 12.00
# Visual Studio 15
VisualStudioVersion = 15.0.27428.2043
MinimumVisualStudioVersion = 10.0.40219.1
Project("{FAE04EC0-301F-11D3-BF4B-00C04F79EFBC}") = "APP", "APP\APP.csproj", "{910EFB7F-A0AB-4A4D-A116-FF86A5970A97}"
EndProject
Project("{FAE04EC0-301F-11D3-BF4B-00C04F79EFBC}") = "APP.DAL", "APP.DAL\APP.DAL.csproj", "{4DD3B072-C211-4D86-9A28-3B5E40AC7207}"
EndProject
Global
	GlobalSection(SolutionConfigurationPlatforms) = preSolution
		Debug|Any CPU = Debug|Any CPU
		Release|Any CPU = Release|Any CPU
	EndGlobalSection
	GlobalSection(ProjectConfigurationPlatforms) = postSolution
		{910EFB7F-A0AB-4A4D-A116-FF86A5970A97}.Debug|Any CPU.ActiveCfg = Debug|Any CPU
		{910EFB7F-A0AB-4A4D-A116-FF86A5970A97}.Debug|Any CPU.Build.0 = Debug|Any CPU
		{910EFB7F-A0AB-4A4D-A116-FF86A5970A97}.Release|Any CPU.ActiveCfg = Release|Any CPU
		{910EFB7F-A0AB-4A4D-A116-FF86A5970A97}.Release|Any CPU.Build.0 = Release|Any CPU
		{4DD3B072-C211-4D86-9A28-3B5E40AC7207}.Debug|Any CPU.ActiveCfg = Debug|Any CPU
		{4DD3B072-C211-4D86-9A28-3B5E40AC7207}.Debug|Any CPU.Build.0 = Debug|Any CPU
		{4DD3B072-C211-4D86-9A28-3B5E40AC7207}.Release|Any CPU.ActiveCfg = Release|Any CPU
		{4DD3B072-C211-4D86-9A28-3B5E40AC7207}.Release|Any CPU.Build.0 = Release|Any CPU
	EndGlobalSection
	GlobalSection(SolutionProperties) = preSolution
		HideSolutionNode = FALSE
	EndGlobalSection
	GlobalSection(ExtensibilityGlobals) = postSolution
		SolutionGuid = {73A3C160-56BF-47AB-A5E9-C493512BE1C1}
	EndGlobalSection
EndGlobal
